
Microsoft Visual Studio Solution File, Format Version 12.00
# Visual Studio 15
VisualStudioVersion = 15.0.26430.6
MinimumVisualStudioVersion = 10.0.40219.1
Project("{FAE04EC0-301F-11D3-BF4B-00C04F79EFBC}") = "MetaDataEditor", "MetaDataEditor.csproj", "{007295EF-2FF2-4BB9-86EC-13829526CC1F}"
EndProject
Project("{FAE04EC0-301F-11D3-BF4B-00C04F79EFBC}") = "MetaXmlUpdater", "..\MetaXmlUpdater\MetaXmlUpdater.csproj", "{A1BFBA52-69CB-4A87-819D-D2A4D664CDD0}"
EndProject
Global
	GlobalSection(SolutionConfigurationPlatforms) = preSolution
		Debug|Any CPU = Debug|Any CPU
		Release|Any CPU = Release|Any CPU
	EndGlobalSection
	GlobalSection(ProjectConfigurationPlatforms) = postSolution
		{007295EF-2FF2-4BB9-86EC-13829526CC1F}.Debug|Any CPU.ActiveCfg = Debug|Any CPU
		{007295EF-2FF2-4BB9-86EC-13829526CC1F}.Debug|Any CPU.Build.0 = Debug|Any CPU
		{007295EF-2FF2-4BB9-86EC-13829526CC1F}.Release|Any CPU.ActiveCfg = Release|Any CPU
		{007295EF-2FF2-4BB9-86EC-13829526CC1F}.Release|Any CPU.Build.0 = Release|Any CPU
		{A1BFBA52-69CB-4A87-819D-D2A4D664CDD0}.Debug|Any CPU.ActiveCfg = Debug|Any CPU
		{A1BFBA52-69CB-4A87-819D-D2A4D664CDD0}.Debug|Any CPU.Build.0 = Debug|Any CPU
		{A1BFBA52-69CB-4A87-819D-D2A4D664CDD0}.Release|Any CPU.ActiveCfg = Release|Any CPU
		{A1BFBA52-69CB-4A87-819D-D2A4D664CDD0}.Release|Any CPU.Build.0 = Release|Any CPU
	EndGlobalSection
	GlobalSection(SolutionProperties) = preSolution
		HideSolutionNode = FALSE
	EndGlobalSection
	GlobalSection(ExtensibilityGlobals) = postSolution
		SolutionGuid = {13188623-E3DA-42EA-B2E6-59684A3C7699}
	EndGlobalSection
EndGlobal
