
Microsoft Visual Studio Solution File, Format Version 12.00
# Visual Studio 15
VisualStudioVersion = 15.0.26430.6
MinimumVisualStudioVersion = 10.0.40219.1
Project("{FAE04EC0-301F-11D3-BF4B-00C04F79EFBC}") = "MetaDataEditor", "MetaDataEditor.csproj", "{007295EF-2FF2-4BB9-86EC-13829526CC1F}"
EndProject
Project("{FAE04EC0-301F-11D3-BF4B-00C04F79EFBC}") = "MDEClient", "..\MDEWpfClient\MDEClient\MDEClient.csproj", "{51B5A1B9-6120-48F5-9A38-02FBBA979A78}"
EndProject
Project("{FAE04EC0-301F-11D3-BF4B-00C04F79EFBC}") = "WebMDEClient", "WebMDEClient\WebMDEClient\WebMDEClient.csproj", "{BCAD8528-6026-4BC8-AD24-37A373E69513}"
EndProject
Project("{FAE04EC0-301F-11D3-BF4B-00C04F79EFBC}") = "WebMDEClient.Tests", "WebMDEClient.Tests\WebMDEClient.Tests.csproj", "{4F5C6ED6-85CB-4AD3-A94F-AB6AB17F5004}"
EndProject
Global
	GlobalSection(SolutionConfigurationPlatforms) = preSolution
		Debug|Any CPU = Debug|Any CPU
		Release|Any CPU = Release|Any CPU
	EndGlobalSection
	GlobalSection(ProjectConfigurationPlatforms) = postSolution
		{007295EF-2FF2-4BB9-86EC-13829526CC1F}.Debug|Any CPU.ActiveCfg = Debug|Any CPU
		{007295EF-2FF2-4BB9-86EC-13829526CC1F}.Debug|Any CPU.Build.0 = Debug|Any CPU
		{007295EF-2FF2-4BB9-86EC-13829526CC1F}.Release|Any CPU.ActiveCfg = Release|Any CPU
		{007295EF-2FF2-4BB9-86EC-13829526CC1F}.Release|Any CPU.Build.0 = Release|Any CPU
		{51B5A1B9-6120-48F5-9A38-02FBBA979A78}.Debug|Any CPU.ActiveCfg = Debug|Any CPU
		{51B5A1B9-6120-48F5-9A38-02FBBA979A78}.Debug|Any CPU.Build.0 = Debug|Any CPU
		{51B5A1B9-6120-48F5-9A38-02FBBA979A78}.Release|Any CPU.ActiveCfg = Release|Any CPU
		{51B5A1B9-6120-48F5-9A38-02FBBA979A78}.Release|Any CPU.Build.0 = Release|Any CPU
		{BCAD8528-6026-4BC8-AD24-37A373E69513}.Debug|Any CPU.ActiveCfg = Debug|Any CPU
		{BCAD8528-6026-4BC8-AD24-37A373E69513}.Debug|Any CPU.Build.0 = Debug|Any CPU
		{BCAD8528-6026-4BC8-AD24-37A373E69513}.Release|Any CPU.ActiveCfg = Release|Any CPU
		{BCAD8528-6026-4BC8-AD24-37A373E69513}.Release|Any CPU.Build.0 = Release|Any CPU
		{4F5C6ED6-85CB-4AD3-A94F-AB6AB17F5004}.Debug|Any CPU.ActiveCfg = Debug|Any CPU
		{4F5C6ED6-85CB-4AD3-A94F-AB6AB17F5004}.Debug|Any CPU.Build.0 = Debug|Any CPU
		{4F5C6ED6-85CB-4AD3-A94F-AB6AB17F5004}.Release|Any CPU.ActiveCfg = Release|Any CPU
		{4F5C6ED6-85CB-4AD3-A94F-AB6AB17F5004}.Release|Any CPU.Build.0 = Release|Any CPU
	EndGlobalSection
	GlobalSection(SolutionProperties) = preSolution
		HideSolutionNode = FALSE
	EndGlobalSection
	GlobalSection(ExtensibilityGlobals) = postSolution
		SolutionGuid = {13188623-E3DA-42EA-B2E6-59684A3C7699}
	EndGlobalSection
EndGlobal
